// !$*UTF8*$!
{
	archiveVersion = 1;
	classes = {
	};
	objectVersion = 46;
	objects = {

/* Begin PBXBuildFile section */
		6713AE37171A047B0041B09A /* badge.png in Resources */ = {isa = PBXBuildFile; fileRef = 6713AE33171A047B0041B09A /* badge.png */; };
		6713AE38171A047B0041B09A /* blow.png in Resources */ = {isa = PBXBuildFile; fileRef = 6713AE34171A047B0041B09A /* blow.png */; };
		6713AE39171A047B0041B09A /* history.png in Resources */ = {isa = PBXBuildFile; fileRef = 6713AE35171A047B0041B09A /* history.png */; };
		6713AE3A171A047B0041B09A /* info.png in Resources */ = {isa = PBXBuildFile; fileRef = 6713AE36171A047B0041B09A /* info.png */; };
		6713AE3E171A0C920041B09A /* greenb.png in Resources */ = {isa = PBXBuildFile; fileRef = 6713AE3D171A0C920041B09A /* greenb.png */; };
		6713AE41171A10170041B09A /* redb.png in Resources */ = {isa = PBXBuildFile; fileRef = 6713AE3F171A10170041B09A /* redb.png */; };
		6713AE42171A10170041B09A /* yellowb.png in Resources */ = {isa = PBXBuildFile; fileRef = 6713AE40171A10170041B09A /* yellowb.png */; };
		6713AE44171A10670041B09A /* login_screen_image.png in Resources */ = {isa = PBXBuildFile; fileRef = 6713AE43171A10670041B09A /* login_screen_image.png */; };
		6713AE47171A1B5C0041B09A /* LPHBlowViewController.m in Sources */ = {isa = PBXBuildFile; fileRef = 6713AE46171A1B5C0041B09A /* LPHBlowViewController.m */; };
		675254231719FC1D00CAB94E /* LPHInitialViewController.m in Sources */ = {isa = PBXBuildFile; fileRef = 675254221719FC1D00CAB94E /* LPHInitialViewController.m */; };
		67A691271719F771005FFFF4 /* UIKit.framework in Frameworks */ = {isa = PBXBuildFile; fileRef = 67A691261719F771005FFFF4 /* UIKit.framework */; };
		67A691291719F771005FFFF4 /* Foundation.framework in Frameworks */ = {isa = PBXBuildFile; fileRef = 67A691281719F771005FFFF4 /* Foundation.framework */; };
		67A6912B1719F771005FFFF4 /* CoreGraphics.framework in Frameworks */ = {isa = PBXBuildFile; fileRef = 67A6912A1719F771005FFFF4 /* CoreGraphics.framework */; };
		67A691311719F771005FFFF4 /* InfoPlist.strings in Resources */ = {isa = PBXBuildFile; fileRef = 67A6912F1719F771005FFFF4 /* InfoPlist.strings */; };
		67A691331719F771005FFFF4 /* main.m in Sources */ = {isa = PBXBuildFile; fileRef = 67A691321719F771005FFFF4 /* main.m */; };
		67A691371719F771005FFFF4 /* LPHAppDelegate.m in Sources */ = {isa = PBXBuildFile; fileRef = 67A691361719F771005FFFF4 /* LPHAppDelegate.m */; };
		67A6913D1719F771005FFFF4 /* Default-568h@2x.png in Resources */ = {isa = PBXBuildFile; fileRef = 67A6913C1719F771005FFFF4 /* Default-568h@2x.png */; };
		67A691401719F771005FFFF4 /* MainStoryboard_iPhone.storyboard in Resources */ = {isa = PBXBuildFile; fileRef = 67A6913E1719F771005FFFF4 /* MainStoryboard_iPhone.storyboard */; };
		67A691431719F771005FFFF4 /* MainStoryboard_iPad.storyboard in Resources */ = {isa = PBXBuildFile; fileRef = 67A691411719F771005FFFF4 /* MainStoryboard_iPad.storyboard */; };
		67A691511719F771005FFFF4 /* SenTestingKit.framework in Frameworks */ = {isa = PBXBuildFile; fileRef = 67A691501719F771005FFFF4 /* SenTestingKit.framework */; };
		67A691521719F771005FFFF4 /* UIKit.framework in Frameworks */ = {isa = PBXBuildFile; fileRef = 67A691261719F771005FFFF4 /* UIKit.framework */; };
		67A691531719F771005FFFF4 /* Foundation.framework in Frameworks */ = {isa = PBXBuildFile; fileRef = 67A691281719F771005FFFF4 /* Foundation.framework */; };
		67A6915B1719F771005FFFF4 /* InfoPlist.strings in Resources */ = {isa = PBXBuildFile; fileRef = 67A691591719F771005FFFF4 /* InfoPlist.strings */; };
		67A6915E1719F771005FFFF4 /* AsthmaFriendTests.m in Sources */ = {isa = PBXBuildFile; fileRef = 67A6915D1719F771005FFFF4 /* AsthmaFriendTests.m */; };
		FD442793171AC0B400946E0B /* score_badge.png in Resources */ = {isa = PBXBuildFile; fileRef = FD442790171AC0B400946E0B /* score_badge.png */; };
		FD442794171AC0B400946E0B /* pointScreen.png in Resources */ = {isa = PBXBuildFile; fileRef = FD442791171AC0B400946E0B /* pointScreen.png */; };
		FD442795171AC0B400946E0B /* blowScreen.png in Resources */ = {isa = PBXBuildFile; fileRef = FD442792171AC0B400946E0B /* blowScreen.png */; };
		FD442798171AC37900946E0B /* LPHRewardsViewController.m in Sources */ = {isa = PBXBuildFile; fileRef = FD442797171AC37900946E0B /* LPHRewardsViewController.m */; };
		FD44279A171AC6D500946E0B /* login_button.jpeg in Resources */ = {isa = PBXBuildFile; fileRef = FD442799171AC6D500946E0B /* login_button.jpeg */; };
		FD44279C171AC80B00946E0B /* Default.png in Resources */ = {isa = PBXBuildFile; fileRef = FD44279B171AC80B00946E0B /* Default.png */; };
		FD44279E171AC81300946E0B /* Default@2x.png in Resources */ = {isa = PBXBuildFile; fileRef = FD44279D171AC81300946E0B /* Default@2x.png */; };
		FD4427A0171AC8CC00946E0B /* Icon@2x.png in Resources */ = {isa = PBXBuildFile; fileRef = FD44279F171AC8CC00946E0B /* Icon@2x.png */; };
		FD4427A2171ACA0000946E0B /* Icon.png in Resources */ = {isa = PBXBuildFile; fileRef = FD4427A1171ACA0000946E0B /* Icon.png */; };
		FD4427A4171B1BEE00946E0B /* score_badge_white.png in Resources */ = {isa = PBXBuildFile; fileRef = FD4427A3171B1BEE00946E0B /* score_badge_white.png */; };
		FD4427A7171B1E3C00946E0B /* LPHScoreManager.m in Sources */ = {isa = PBXBuildFile; fileRef = FD4427A6171B1E3C00946E0B /* LPHScoreManager.m */; };
		FD4427AA171B230600946E0B /* LPHAsthmaFactsViewController.m in Sources */ = {isa = PBXBuildFile; fileRef = FD4427A9171B230600946E0B /* LPHAsthmaFactsViewController.m */; };
		FDFCDEF2171A3EA600569B97 /* LPHHistoryViewController.m in Sources */ = {isa = PBXBuildFile; fileRef = FDFCDEEC171A3EA600569B97 /* LPHHistoryViewController.m */; };
		FDFCDEF3171A3EA600569B97 /* LPHHistoryWeekViewController.m in Sources */ = {isa = PBXBuildFile; fileRef = FDFCDEEE171A3EA600569B97 /* LPHHistoryWeekViewController.m */; };
		FDFCDEF4171A3EA600569B97 /* LPHHistoryMonthViewController.m in Sources */ = {isa = PBXBuildFile; fileRef = FDFCDEF0171A3EA600569B97 /* LPHHistoryMonthViewController.m */; };
		FDFCDEF7171A3EB500569B97 /* week.png in Resources */ = {isa = PBXBuildFile; fileRef = FDFCDEF5171A3EB500569B97 /* week.png */; };
		FDFCDEF8171A3EB500569B97 /* april_calendar_screen.png in Resources */ = {isa = PBXBuildFile; fileRef = FDFCDEF6171A3EB500569B97 /* april_calendar_screen.png */; };
		FDFCDEFA171A3F8D00569B97 /* asthma-explanation.jpg in Resources */ = {isa = PBXBuildFile; fileRef = FDFCDEF9171A3F8D00569B97 /* asthma-explanation.jpg */; };
/* End PBXBuildFile section */

/* Begin PBXContainerItemProxy section */
		67A691541719F771005FFFF4 /* PBXContainerItemProxy */ = {
			isa = PBXContainerItemProxy;
			containerPortal = 67A6911B1719F770005FFFF4 /* Project object */;
			proxyType = 1;
			remoteGlobalIDString = 67A691221719F770005FFFF4;
			remoteInfo = AsthmaFriend;
		};
/* End PBXContainerItemProxy section */

/* Begin PBXFileReference section */
		6713AE33171A047B0041B09A /* badge.png */ = {isa = PBXFileReference; lastKnownFileType = image.png; path = badge.png; sourceTree = "<group>"; };
		6713AE34171A047B0041B09A /* blow.png */ = {isa = PBXFileReference; lastKnownFileType = image.png; path = blow.png; sourceTree = "<group>"; };
		6713AE35171A047B0041B09A /* history.png */ = {isa = PBXFileReference; lastKnownFileType = image.png; path = history.png; sourceTree = "<group>"; };
		6713AE36171A047B0041B09A /* info.png */ = {isa = PBXFileReference; lastKnownFileType = image.png; path = info.png; sourceTree = "<group>"; };
		6713AE3D171A0C920041B09A /* greenb.png */ = {isa = PBXFileReference; lastKnownFileType = image.png; path = greenb.png; sourceTree = "<group>"; };
		6713AE3F171A10170041B09A /* redb.png */ = {isa = PBXFileReference; lastKnownFileType = image.png; path = redb.png; sourceTree = "<group>"; };
		6713AE40171A10170041B09A /* yellowb.png */ = {isa = PBXFileReference; lastKnownFileType = image.png; path = yellowb.png; sourceTree = "<group>"; };
		6713AE43171A10670041B09A /* login_screen_image.png */ = {isa = PBXFileReference; lastKnownFileType = image.png; path = login_screen_image.png; sourceTree = "<group>"; };
		6713AE45171A1B5C0041B09A /* LPHBlowViewController.h */ = {isa = PBXFileReference; fileEncoding = 4; lastKnownFileType = sourcecode.c.h; path = LPHBlowViewController.h; sourceTree = "<group>"; };
		6713AE46171A1B5C0041B09A /* LPHBlowViewController.m */ = {isa = PBXFileReference; fileEncoding = 4; lastKnownFileType = sourcecode.c.objc; path = LPHBlowViewController.m; sourceTree = "<group>"; };
		675254211719FC1D00CAB94E /* LPHInitialViewController.h */ = {isa = PBXFileReference; fileEncoding = 4; lastKnownFileType = sourcecode.c.h; path = LPHInitialViewController.h; sourceTree = "<group>"; };
		675254221719FC1D00CAB94E /* LPHInitialViewController.m */ = {isa = PBXFileReference; fileEncoding = 4; lastKnownFileType = sourcecode.c.objc; path = LPHInitialViewController.m; sourceTree = "<group>"; };
		67A691231719F771005FFFF4 /* AirFlo2w.app */ = {isa = PBXFileReference; explicitFileType = wrapper.application; includeInIndex = 0; path = AirFlo2w.app; sourceTree = BUILT_PRODUCTS_DIR; };
		67A691261719F771005FFFF4 /* UIKit.framework */ = {isa = PBXFileReference; lastKnownFileType = wrapper.framework; name = UIKit.framework; path = System/Library/Frameworks/UIKit.framework; sourceTree = SDKROOT; };
		67A691281719F771005FFFF4 /* Foundation.framework */ = {isa = PBXFileReference; lastKnownFileType = wrapper.framework; name = Foundation.framework; path = System/Library/Frameworks/Foundation.framework; sourceTree = SDKROOT; };
		67A6912A1719F771005FFFF4 /* CoreGraphics.framework */ = {isa = PBXFileReference; lastKnownFileType = wrapper.framework; name = CoreGraphics.framework; path = System/Library/Frameworks/CoreGraphics.framework; sourceTree = SDKROOT; };
		67A6912E1719F771005FFFF4 /* AirFlo2w-Info.plist */ = {isa = PBXFileReference; lastKnownFileType = text.plist.xml; path = "AirFlo2w-Info.plist"; sourceTree = "<group>"; };
		67A691301719F771005FFFF4 /* en */ = {isa = PBXFileReference; lastKnownFileType = text.plist.strings; name = en; path = en.lproj/InfoPlist.strings; sourceTree = "<group>"; };
		67A691321719F771005FFFF4 /* main.m */ = {isa = PBXFileReference; lastKnownFileType = sourcecode.c.objc; path = main.m; sourceTree = "<group>"; };
		67A691341719F771005FFFF4 /* AirFlo2w-Prefix.pch */ = {isa = PBXFileReference; lastKnownFileType = sourcecode.c.h; path = "AirFlo2w-Prefix.pch"; sourceTree = "<group>"; };
		67A691351719F771005FFFF4 /* LPHAppDelegate.h */ = {isa = PBXFileReference; lastKnownFileType = sourcecode.c.h; path = LPHAppDelegate.h; sourceTree = "<group>"; };
		67A691361719F771005FFFF4 /* LPHAppDelegate.m */ = {isa = PBXFileReference; lastKnownFileType = sourcecode.c.objc; path = LPHAppDelegate.m; sourceTree = "<group>"; };
		67A6913C1719F771005FFFF4 /* Default-568h@2x.png */ = {isa = PBXFileReference; lastKnownFileType = image.png; path = "Default-568h@2x.png"; sourceTree = "<group>"; };
		67A6913F1719F771005FFFF4 /* en */ = {isa = PBXFileReference; lastKnownFileType = file.storyboard; name = en; path = en.lproj/MainStoryboard_iPhone.storyboard; sourceTree = "<group>"; };
		67A691421719F771005FFFF4 /* en */ = {isa = PBXFileReference; lastKnownFileType = file.storyboard; name = en; path = en.lproj/MainStoryboard_iPad.storyboard; sourceTree = "<group>"; };
		67A6914F1719F771005FFFF4 /* AirFlo2wTests.octest */ = {isa = PBXFileReference; explicitFileType = wrapper.cfbundle; includeInIndex = 0; path = AirFlo2wTests.octest; sourceTree = BUILT_PRODUCTS_DIR; };
		67A691501719F771005FFFF4 /* SenTestingKit.framework */ = {isa = PBXFileReference; lastKnownFileType = wrapper.framework; name = SenTestingKit.framework; path = Library/Frameworks/SenTestingKit.framework; sourceTree = DEVELOPER_DIR; };
		67A691581719F771005FFFF4 /* AirFlo2wTests-Info.plist */ = {isa = PBXFileReference; lastKnownFileType = text.plist.xml; path = "AirFlo2wTests-Info.plist"; sourceTree = "<group>"; };
		67A6915A1719F771005FFFF4 /* en */ = {isa = PBXFileReference; lastKnownFileType = text.plist.strings; name = en; path = en.lproj/InfoPlist.strings; sourceTree = "<group>"; };
		67A6915C1719F771005FFFF4 /* AsthmaFriendTests.h */ = {isa = PBXFileReference; lastKnownFileType = sourcecode.c.h; path = AsthmaFriendTests.h; sourceTree = "<group>"; };
		67A6915D1719F771005FFFF4 /* AsthmaFriendTests.m */ = {isa = PBXFileReference; lastKnownFileType = sourcecode.c.objc; path = AsthmaFriendTests.m; sourceTree = "<group>"; };
		FD442790171AC0B400946E0B /* score_badge.png */ = {isa = PBXFileReference; lastKnownFileType = image.png; path = score_badge.png; sourceTree = "<group>"; };
		FD442791171AC0B400946E0B /* pointScreen.png */ = {isa = PBXFileReference; lastKnownFileType = image.png; path = pointScreen.png; sourceTree = "<group>"; };
		FD442792171AC0B400946E0B /* blowScreen.png */ = {isa = PBXFileReference; lastKnownFileType = image.png; path = blowScreen.png; sourceTree = "<group>"; };
		FD442796171AC37900946E0B /* LPHRewardsViewController.h */ = {isa = PBXFileReference; fileEncoding = 4; lastKnownFileType = sourcecode.c.h; path = LPHRewardsViewController.h; sourceTree = "<group>"; };
		FD442797171AC37900946E0B /* LPHRewardsViewController.m */ = {isa = PBXFileReference; fileEncoding = 4; lastKnownFileType = sourcecode.c.objc; path = LPHRewardsViewController.m; sourceTree = "<group>"; };
		FD442799171AC6D500946E0B /* login_button.jpeg */ = {isa = PBXFileReference; lastKnownFileType = image.jpeg; path = login_button.jpeg; sourceTree = "<group>"; };
		FD44279B171AC80B00946E0B /* Default.png */ = {isa = PBXFileReference; lastKnownFileType = image.png; path = Default.png; sourceTree = "<group>"; };
		FD44279D171AC81300946E0B /* Default@2x.png */ = {isa = PBXFileReference; lastKnownFileType = image.png; path = "Default@2x.png"; sourceTree = "<group>"; };
		FD44279F171AC8CC00946E0B /* Icon@2x.png */ = {isa = PBXFileReference; lastKnownFileType = image.png; path = "Icon@2x.png"; sourceTree = "<group>"; };
		FD4427A1171ACA0000946E0B /* Icon.png */ = {isa = PBXFileReference; lastKnownFileType = image.png; path = Icon.png; sourceTree = "<group>"; };
		FD4427A3171B1BEE00946E0B /* score_badge_white.png */ = {isa = PBXFileReference; lastKnownFileType = image.png; path = score_badge_white.png; sourceTree = "<group>"; };
		FD4427A5171B1E3C00946E0B /* LPHScoreManager.h */ = {isa = PBXFileReference; fileEncoding = 4; lastKnownFileType = sourcecode.c.h; path = LPHScoreManager.h; sourceTree = "<group>"; };
		FD4427A6171B1E3C00946E0B /* LPHScoreManager.m */ = {isa = PBXFileReference; fileEncoding = 4; lastKnownFileType = sourcecode.c.objc; path = LPHScoreManager.m; sourceTree = "<group>"; };
		FD4427A8171B230600946E0B /* LPHAsthmaFactsViewController.h */ = {isa = PBXFileReference; fileEncoding = 4; lastKnownFileType = sourcecode.c.h; path = LPHAsthmaFactsViewController.h; sourceTree = "<group>"; };
		FD4427A9171B230600946E0B /* LPHAsthmaFactsViewController.m */ = {isa = PBXFileReference; fileEncoding = 4; lastKnownFileType = sourcecode.c.objc; path = LPHAsthmaFactsViewController.m; sourceTree = "<group>"; };
		FDFCDEEC171A3EA600569B97 /* LPHHistoryViewController.m */ = {isa = PBXFileReference; fileEncoding = 4; lastKnownFileType = sourcecode.c.objc; path = LPHHistoryViewController.m; sourceTree = "<group>"; };
		FDFCDEED171A3EA600569B97 /* LPHHistoryWeekViewController.h */ = {isa = PBXFileReference; fileEncoding = 4; lastKnownFileType = sourcecode.c.h; path = LPHHistoryWeekViewController.h; sourceTree = "<group>"; };
		FDFCDEEE171A3EA600569B97 /* LPHHistoryWeekViewController.m */ = {isa = PBXFileReference; fileEncoding = 4; lastKnownFileType = sourcecode.c.objc; path = LPHHistoryWeekViewController.m; sourceTree = "<group>"; };
		FDFCDEEF171A3EA600569B97 /* LPHHistoryMonthViewController.h */ = {isa = PBXFileReference; fileEncoding = 4; lastKnownFileType = sourcecode.c.h; path = LPHHistoryMonthViewController.h; sourceTree = "<group>"; };
		FDFCDEF0171A3EA600569B97 /* LPHHistoryMonthViewController.m */ = {isa = PBXFileReference; fileEncoding = 4; lastKnownFileType = sourcecode.c.objc; path = LPHHistoryMonthViewController.m; sourceTree = "<group>"; };
		FDFCDEF1171A3EA600569B97 /* LPHHistoryViewController.h */ = {isa = PBXFileReference; fileEncoding = 4; lastKnownFileType = sourcecode.c.h; path = LPHHistoryViewController.h; sourceTree = "<group>"; };
		FDFCDEF5171A3EB500569B97 /* week.png */ = {isa = PBXFileReference; lastKnownFileType = image.png; path = week.png; sourceTree = "<group>"; };
		FDFCDEF6171A3EB500569B97 /* april_calendar_screen.png */ = {isa = PBXFileReference; lastKnownFileType = image.png; path = april_calendar_screen.png; sourceTree = "<group>"; };
		FDFCDEF9171A3F8D00569B97 /* asthma-explanation.jpg */ = {isa = PBXFileReference; lastKnownFileType = image.jpeg; path = "asthma-explanation.jpg"; sourceTree = "<group>"; };
/* End PBXFileReference section */

/* Begin PBXFrameworksBuildPhase section */
		67A691201719F770005FFFF4 /* Frameworks */ = {
			isa = PBXFrameworksBuildPhase;
			buildActionMask = 2147483647;
			files = (
				67A691271719F771005FFFF4 /* UIKit.framework in Frameworks */,
				67A691291719F771005FFFF4 /* Foundation.framework in Frameworks */,
				67A6912B1719F771005FFFF4 /* CoreGraphics.framework in Frameworks */,
			);
			runOnlyForDeploymentPostprocessing = 0;
		};
		67A6914B1719F771005FFFF4 /* Frameworks */ = {
			isa = PBXFrameworksBuildPhase;
			buildActionMask = 2147483647;
			files = (
				67A691511719F771005FFFF4 /* SenTestingKit.framework in Frameworks */,
				67A691521719F771005FFFF4 /* UIKit.framework in Frameworks */,
				67A691531719F771005FFFF4 /* Foundation.framework in Frameworks */,
			);
			runOnlyForDeploymentPostprocessing = 0;
		};
/* End PBXFrameworksBuildPhase section */

/* Begin PBXGroup section */
		6713AE32171A047B0041B09A /* pngs */ = {
			isa = PBXGroup;
			children = (
				FD4427A3171B1BEE00946E0B /* score_badge_white.png */,
				FD442799171AC6D500946E0B /* login_button.jpeg */,
				FD442790171AC0B400946E0B /* score_badge.png */,
				FD442791171AC0B400946E0B /* pointScreen.png */,
				FD442792171AC0B400946E0B /* blowScreen.png */,
				FDFCDEF9171A3F8D00569B97 /* asthma-explanation.jpg */,
				FDFCDEF5171A3EB500569B97 /* week.png */,
				FDFCDEF6171A3EB500569B97 /* april_calendar_screen.png */,
				6713AE33171A047B0041B09A /* badge.png */,
				6713AE34171A047B0041B09A /* blow.png */,
				6713AE35171A047B0041B09A /* history.png */,
				6713AE36171A047B0041B09A /* info.png */,
				6713AE3D171A0C920041B09A /* greenb.png */,
				6713AE3F171A10170041B09A /* redb.png */,
				6713AE40171A10170041B09A /* yellowb.png */,
				6713AE43171A10670041B09A /* login_screen_image.png */,
			);
			path = pngs;
			sourceTree = "<group>";
		};
		67A6911A1719F770005FFFF4 = {
			isa = PBXGroup;
			children = (
				FD4427A1171ACA0000946E0B /* Icon.png */,
				FD44279F171AC8CC00946E0B /* Icon@2x.png */,
				FD44279D171AC81300946E0B /* Default@2x.png */,
				FD44279B171AC80B00946E0B /* Default.png */,
				67A6912C1719F771005FFFF4 /* AsthmaFriend */,
				67A691561719F771005FFFF4 /* AsthmaFriendTests */,
				67A691251719F771005FFFF4 /* Frameworks */,
				67A691241719F771005FFFF4 /* Products */,
			);
			sourceTree = "<group>";
		};
		67A691241719F771005FFFF4 /* Products */ = {
			isa = PBXGroup;
			children = (
				67A691231719F771005FFFF4 /* AirFlo2w.app */,
				67A6914F1719F771005FFFF4 /* AirFlo2wTests.octest */,
			);
			name = Products;
			sourceTree = "<group>";
		};
		67A691251719F771005FFFF4 /* Frameworks */ = {
			isa = PBXGroup;
			children = (
				67A691261719F771005FFFF4 /* UIKit.framework */,
				67A691281719F771005FFFF4 /* Foundation.framework */,
				67A6912A1719F771005FFFF4 /* CoreGraphics.framework */,
				67A691501719F771005FFFF4 /* SenTestingKit.framework */,
			);
			name = Frameworks;
			sourceTree = "<group>";
		};
		67A6912C1719F771005FFFF4 /* AsthmaFriend */ = {
			isa = PBXGroup;
			children = (
				FDFCDEED171A3EA600569B97 /* LPHHistoryWeekViewController.h */,
				FDFCDEEE171A3EA600569B97 /* LPHHistoryWeekViewController.m */,
				FDFCDEEF171A3EA600569B97 /* LPHHistoryMonthViewController.h */,
				FDFCDEF0171A3EA600569B97 /* LPHHistoryMonthViewController.m */,
				FDFCDEF1171A3EA600569B97 /* LPHHistoryViewController.h */,
				FDFCDEEC171A3EA600569B97 /* LPHHistoryViewController.m */,
				67A691351719F771005FFFF4 /* LPHAppDelegate.h */,
				67A691361719F771005FFFF4 /* LPHAppDelegate.m */,
				675254211719FC1D00CAB94E /* LPHInitialViewController.h */,
				675254221719FC1D00CAB94E /* LPHInitialViewController.m */,
				6713AE45171A1B5C0041B09A /* LPHBlowViewController.h */,
				6713AE46171A1B5C0041B09A /* LPHBlowViewController.m */,
				FD442796171AC37900946E0B /* LPHRewardsViewController.h */,
				FD442797171AC37900946E0B /* LPHRewardsViewController.m */,
				67A6913E1719F771005FFFF4 /* MainStoryboard_iPhone.storyboard */,
				67A691411719F771005FFFF4 /* MainStoryboard_iPad.storyboard */,
				6713AE32171A047B0041B09A /* pngs */,
				67A6912D1719F771005FFFF4 /* Supporting Files */,
				FD4427A5171B1E3C00946E0B /* LPHScoreManager.h */,
				FD4427A6171B1E3C00946E0B /* LPHScoreManager.m */,
				FD4427A8171B230600946E0B /* LPHAsthmaFactsViewController.h */,
				FD4427A9171B230600946E0B /* LPHAsthmaFactsViewController.m */,
			);
			path = AsthmaFriend;
			sourceTree = "<group>";
		};
		67A6912D1719F771005FFFF4 /* Supporting Files */ = {
			isa = PBXGroup;
			children = (
				67A6912E1719F771005FFFF4 /* AirFlo2w-Info.plist */,
				67A6912F1719F771005FFFF4 /* InfoPlist.strings */,
				67A691321719F771005FFFF4 /* main.m */,
				67A691341719F771005FFFF4 /* AirFlo2w-Prefix.pch */,
				67A6913C1719F771005FFFF4 /* Default-568h@2x.png */,
			);
			name = "Supporting Files";
			sourceTree = "<group>";
		};
		67A691561719F771005FFFF4 /* AsthmaFriendTests */ = {
			isa = PBXGroup;
			children = (
				67A6915C1719F771005FFFF4 /* AsthmaFriendTests.h */,
				67A6915D1719F771005FFFF4 /* AsthmaFriendTests.m */,
				67A691571719F771005FFFF4 /* Supporting Files */,
			);
			path = AsthmaFriendTests;
			sourceTree = "<group>";
		};
		67A691571719F771005FFFF4 /* Supporting Files */ = {
			isa = PBXGroup;
			children = (
				67A691581719F771005FFFF4 /* AirFlo2wTests-Info.plist */,
				67A691591719F771005FFFF4 /* InfoPlist.strings */,
			);
			name = "Supporting Files";
			sourceTree = "<group>";
		};
/* End PBXGroup section */

/* Begin PBXNativeTarget section */
		67A691221719F770005FFFF4 /* AirFlo2w */ = {
			isa = PBXNativeTarget;
			buildConfigurationList = 67A691611719F771005FFFF4 /* Build configuration list for PBXNativeTarget "AirFlo2w" */;
			buildPhases = (
				67A6911F1719F770005FFFF4 /* Sources */,
				67A691201719F770005FFFF4 /* Frameworks */,
				67A691211719F770005FFFF4 /* Resources */,
			);
			buildRules = (
			);
			dependencies = (
			);
			name = AirFlo2w;
			productName = AsthmaFriend;
			productReference = 67A691231719F771005FFFF4 /* AirFlo2w.app */;
			productType = "com.apple.product-type.application";
		};
		67A6914E1719F771005FFFF4 /* AirFlo2wTests */ = {
			isa = PBXNativeTarget;
			buildConfigurationList = 67A691641719F771005FFFF4 /* Build configuration list for PBXNativeTarget "AirFlo2wTests" */;
			buildPhases = (
				67A6914A1719F771005FFFF4 /* Sources */,
				67A6914B1719F771005FFFF4 /* Frameworks */,
				67A6914C1719F771005FFFF4 /* Resources */,
				67A6914D1719F771005FFFF4 /* ShellScript */,
			);
			buildRules = (
			);
			dependencies = (
				67A691551719F771005FFFF4 /* PBXTargetDependency */,
			);
			name = AirFlo2wTests;
			productName = AsthmaFriendTests;
			productReference = 67A6914F1719F771005FFFF4 /* AirFlo2wTests.octest */;
			productType = "com.apple.product-type.bundle";
		};
/* End PBXNativeTarget section */

/* Begin PBXProject section */
		67A6911B1719F770005FFFF4 /* Project object */ = {
			isa = PBXProject;
			attributes = {
				CLASSPREFIX = LPH;
				LastUpgradeCheck = 0460;
				ORGANIZATIONNAME = Laaph;
			};
			buildConfigurationList = 67A6911E1719F770005FFFF4 /* Build configuration list for PBXProject "AirFlo2w" */;
			compatibilityVersion = "Xcode 3.2";
			developmentRegion = English;
			hasScannedForEncodings = 0;
			knownRegions = (
				en,
			);
			mainGroup = 67A6911A1719F770005FFFF4;
			productRefGroup = 67A691241719F771005FFFF4 /* Products */;
			projectDirPath = "";
			projectRoot = "";
			targets = (
				67A691221719F770005FFFF4 /* AirFlo2w */,
				67A6914E1719F771005FFFF4 /* AirFlo2wTests */,
			);
		};
/* End PBXProject section */

/* Begin PBXResourcesBuildPhase section */
		67A691211719F770005FFFF4 /* Resources */ = {
			isa = PBXResourcesBuildPhase;
			buildActionMask = 2147483647;
			files = (
				67A691311719F771005FFFF4 /* InfoPlist.strings in Resources */,
				67A6913D1719F771005FFFF4 /* Default-568h@2x.png in Resources */,
				67A691401719F771005FFFF4 /* MainStoryboard_iPhone.storyboard in Resources */,
				67A691431719F771005FFFF4 /* MainStoryboard_iPad.storyboard in Resources */,
				6713AE37171A047B0041B09A /* badge.png in Resources */,
				6713AE38171A047B0041B09A /* blow.png in Resources */,
				6713AE39171A047B0041B09A /* history.png in Resources */,
				6713AE3A171A047B0041B09A /* info.png in Resources */,
				6713AE3E171A0C920041B09A /* greenb.png in Resources */,
				6713AE41171A10170041B09A /* redb.png in Resources */,
				6713AE42171A10170041B09A /* yellowb.png in Resources */,
				6713AE44171A10670041B09A /* login_screen_image.png in Resources */,
				FDFCDEF7171A3EB500569B97 /* week.png in Resources */,
				FDFCDEF8171A3EB500569B97 /* april_calendar_screen.png in Resources */,
				FDFCDEFA171A3F8D00569B97 /* asthma-explanation.jpg in Resources */,
				FD442793171AC0B400946E0B /* score_badge.png in Resources */,
				FD442794171AC0B400946E0B /* pointScreen.png in Resources */,
				FD442795171AC0B400946E0B /* blowScreen.png in Resources */,
				FD44279A171AC6D500946E0B /* login_button.jpeg in Resources */,
				FD44279C171AC80B00946E0B /* Default.png in Resources */,
				FD44279E171AC81300946E0B /* Default@2x.png in Resources */,
				FD4427A0171AC8CC00946E0B /* Icon@2x.png in Resources */,
				FD4427A2171ACA0000946E0B /* Icon.png in Resources */,
				FD4427A4171B1BEE00946E0B /* score_badge_white.png in Resources */,
			);
			runOnlyForDeploymentPostprocessing = 0;
		};
		67A6914C1719F771005FFFF4 /* Resources */ = {
			isa = PBXResourcesBuildPhase;
			buildActionMask = 2147483647;
			files = (
				67A6915B1719F771005FFFF4 /* InfoPlist.strings in Resources */,
			);
			runOnlyForDeploymentPostprocessing = 0;
		};
/* End PBXResourcesBuildPhase section */

/* Begin PBXShellScriptBuildPhase section */
		67A6914D1719F771005FFFF4 /* ShellScript */ = {
			isa = PBXShellScriptBuildPhase;
			buildActionMask = 2147483647;
			files = (
			);
			inputPaths = (
			);
			outputPaths = (
			);
			runOnlyForDeploymentPostprocessing = 0;
			shellPath = /bin/sh;
			shellScript = "# Run the unit tests in this test bundle.\n\"${SYSTEM_DEVELOPER_DIR}/Tools/RunUnitTests\"\n";
		};
/* End PBXShellScriptBuildPhase section */

/* Begin PBXSourcesBuildPhase section */
		67A6911F1719F770005FFFF4 /* Sources */ = {
			isa = PBXSourcesBuildPhase;
			buildActionMask = 2147483647;
			files = (
				67A691331719F771005FFFF4 /* main.m in Sources */,
				67A691371719F771005FFFF4 /* LPHAppDelegate.m in Sources */,
				675254231719FC1D00CAB94E /* LPHInitialViewController.m in Sources */,
				6713AE47171A1B5C0041B09A /* LPHBlowViewController.m in Sources */,
				FDFCDEF2171A3EA600569B97 /* LPHHistoryViewController.m in Sources */,
				FDFCDEF3171A3EA600569B97 /* LPHHistoryWeekViewController.m in Sources */,
				FDFCDEF4171A3EA600569B97 /* LPHHistoryMonthViewController.m in Sources */,
				FD442798171AC37900946E0B /* LPHRewardsViewController.m in Sources */,
				FD4427A7171B1E3C00946E0B /* LPHScoreManager.m in Sources */,
				FD4427AA171B230600946E0B /* LPHAsthmaFactsViewController.m in Sources */,
			);
			runOnlyForDeploymentPostprocessing = 0;
		};
		67A6914A1719F771005FFFF4 /* Sources */ = {
			isa = PBXSourcesBuildPhase;
			buildActionMask = 2147483647;
			files = (
				67A6915E1719F771005FFFF4 /* AsthmaFriendTests.m in Sources */,
			);
			runOnlyForDeploymentPostprocessing = 0;
		};
/* End PBXSourcesBuildPhase section */

/* Begin PBXTargetDependency section */
		67A691551719F771005FFFF4 /* PBXTargetDependency */ = {
			isa = PBXTargetDependency;
			target = 67A691221719F770005FFFF4 /* AirFlo2w */;
			targetProxy = 67A691541719F771005FFFF4 /* PBXContainerItemProxy */;
		};
/* End PBXTargetDependency section */

/* Begin PBXVariantGroup section */
		67A6912F1719F771005FFFF4 /* InfoPlist.strings */ = {
			isa = PBXVariantGroup;
			children = (
				67A691301719F771005FFFF4 /* en */,
			);
			name = InfoPlist.strings;
			sourceTree = "<group>";
		};
		67A6913E1719F771005FFFF4 /* MainStoryboard_iPhone.storyboard */ = {
			isa = PBXVariantGroup;
			children = (
				67A6913F1719F771005FFFF4 /* en */,
			);
			name = MainStoryboard_iPhone.storyboard;
			sourceTree = "<group>";
		};
		67A691411719F771005FFFF4 /* MainStoryboard_iPad.storyboard */ = {
			isa = PBXVariantGroup;
			children = (
				67A691421719F771005FFFF4 /* en */,
			);
			name = MainStoryboard_iPad.storyboard;
			sourceTree = "<group>";
		};
		67A691591719F771005FFFF4 /* InfoPlist.strings */ = {
			isa = PBXVariantGroup;
			children = (
				67A6915A1719F771005FFFF4 /* en */,
			);
			name = InfoPlist.strings;
			sourceTree = "<group>";
		};
/* End PBXVariantGroup section */

/* Begin XCBuildConfiguration section */
		67A6915F1719F771005FFFF4 /* Debug */ = {
			isa = XCBuildConfiguration;
			buildSettings = {
				ALWAYS_SEARCH_USER_PATHS = NO;
				CLANG_CXX_LANGUAGE_STANDARD = "gnu++0x";
				CLANG_CXX_LIBRARY = "libc++";
				CLANG_ENABLE_OBJC_ARC = YES;
				CLANG_WARN_CONSTANT_CONVERSION = YES;
				CLANG_WARN_EMPTY_BODY = YES;
				CLANG_WARN_ENUM_CONVERSION = YES;
				CLANG_WARN_INT_CONVERSION = YES;
				CLANG_WARN__DUPLICATE_METHOD_MATCH = YES;
				"CODE_SIGN_IDENTITY[sdk=iphoneos*]" = "iPhone Developer";
				COPY_PHASE_STRIP = NO;
				GCC_C_LANGUAGE_STANDARD = gnu99;
				GCC_DYNAMIC_NO_PIC = NO;
				GCC_OPTIMIZATION_LEVEL = 0;
				GCC_PREPROCESSOR_DEFINITIONS = (
					"DEBUG=1",
					"$(inherited)",
				);
				GCC_SYMBOLS_PRIVATE_EXTERN = NO;
				GCC_WARN_ABOUT_RETURN_TYPE = YES;
				GCC_WARN_UNINITIALIZED_AUTOS = YES;
				GCC_WARN_UNUSED_VARIABLE = YES;
				IPHONEOS_DEPLOYMENT_TARGET = 6.1;
				ONLY_ACTIVE_ARCH = YES;
				SDKROOT = iphoneos;
				TARGETED_DEVICE_FAMILY = "1,2";
			};
			name = Debug;
		};
		67A691601719F771005FFFF4 /* Release */ = {
			isa = XCBuildConfiguration;
			buildSettings = {
				ALWAYS_SEARCH_USER_PATHS = NO;
				CLANG_CXX_LANGUAGE_STANDARD = "gnu++0x";
				CLANG_CXX_LIBRARY = "libc++";
				CLANG_ENABLE_OBJC_ARC = YES;
				CLANG_WARN_CONSTANT_CONVERSION = YES;
				CLANG_WARN_EMPTY_BODY = YES;
				CLANG_WARN_ENUM_CONVERSION = YES;
				CLANG_WARN_INT_CONVERSION = YES;
				CLANG_WARN__DUPLICATE_METHOD_MATCH = YES;
				"CODE_SIGN_IDENTITY[sdk=iphoneos*]" = "iPhone Developer";
				COPY_PHASE_STRIP = YES;
				GCC_C_LANGUAGE_STANDARD = gnu99;
				GCC_WARN_ABOUT_RETURN_TYPE = YES;
				GCC_WARN_UNINITIALIZED_AUTOS = YES;
				GCC_WARN_UNUSED_VARIABLE = YES;
				IPHONEOS_DEPLOYMENT_TARGET = 6.1;
				OTHER_CFLAGS = "-DNS_BLOCK_ASSERTIONS=1";
				SDKROOT = iphoneos;
				TARGETED_DEVICE_FAMILY = "1,2";
				VALIDATE_PRODUCT = YES;
			};
			name = Release;
		};
		67A691621719F771005FFFF4 /* Debug */ = {
			isa = XCBuildConfiguration;
			buildSettings = {
				GCC_PRECOMPILE_PREFIX_HEADER = YES;
				GCC_PREFIX_HEADER = "AsthmaFriend/AirFlo2w-Prefix.pch";
				INFOPLIST_FILE = "AsthmaFriend/AirFlo2w-Info.plist";
				IPHONEOS_DEPLOYMENT_TARGET = 6.1;
				PRODUCT_NAME = AirFlo2w;
				TARGETED_DEVICE_FAMILY = "1,2";
				WRAPPER_EXTENSION = app;
			};
			name = Debug;
		};
		67A691631719F771005FFFF4 /* Release */ = {
			isa = XCBuildConfiguration;
			buildSettings = {
				GCC_PRECOMPILE_PREFIX_HEADER = YES;
				GCC_PREFIX_HEADER = "AsthmaFriend/AirFlo2w-Prefix.pch";
				INFOPLIST_FILE = "AsthmaFriend/AirFlo2w-Info.plist";
				IPHONEOS_DEPLOYMENT_TARGET = 6.1;
				PRODUCT_NAME = AirFlo2w;
				TARGETED_DEVICE_FAMILY = "1,2";
				WRAPPER_EXTENSION = app;
			};
			name = Release;
		};
		67A691651719F771005FFFF4 /* Debug */ = {
			isa = XCBuildConfiguration;
			buildSettings = {
				BUNDLE_LOADER = "$(BUILT_PRODUCTS_DIR)/AsthmaFriend.app/AsthmaFriend";
				FRAMEWORK_SEARCH_PATHS = (
					"\"$(SDKROOT)/Developer/Library/Frameworks\"",
					"\"$(DEVELOPER_LIBRARY_DIR)/Frameworks\"",
				);
				GCC_PRECOMPILE_PREFIX_HEADER = YES;
				GCC_PREFIX_HEADER = "AsthmaFriend/AsthmaFriend-Prefix.pch";
				INFOPLIST_FILE = "AsthmaFriendTests/AirFlo2wTests-Info.plist";
				PRODUCT_NAME = AirFlo2wTests;
				TEST_HOST = "$(BUNDLE_LOADER)";
				WRAPPER_EXTENSION = octest;
			};
			name = Debug;
		};
		67A691661719F771005FFFF4 /* Release */ = {
			isa = XCBuildConfiguration;
			buildSettings = {
				BUNDLE_LOADER = "$(BUILT_PRODUCTS_DIR)/AsthmaFriend.app/AsthmaFriend";
				FRAMEWORK_SEARCH_PATHS = (
					"\"$(SDKROOT)/Developer/Library/Frameworks\"",
					"\"$(DEVELOPER_LIBRARY_DIR)/Frameworks\"",
				);
				GCC_PRECOMPILE_PREFIX_HEADER = YES;
				GCC_PREFIX_HEADER = "AsthmaFriend/AsthmaFriend-Prefix.pch";
				INFOPLIST_FILE = "AsthmaFriendTests/AirFlo2wTests-Info.plist";
				PRODUCT_NAME = AirFlo2wTests;
				TEST_HOST = "$(BUNDLE_LOADER)";
				WRAPPER_EXTENSION = octest;
			};
			name = Release;
		};
/* End XCBuildConfiguration section */

/* Begin XCConfigurationList section */
		67A6911E1719F770005FFFF4 /* Build configuration list for PBXProject "AirFlo2w" */ = {
			isa = XCConfigurationList;
			buildConfigurations = (
				67A6915F1719F771005FFFF4 /* Debug */,
				67A691601719F771005FFFF4 /* Release */,
			);
			defaultConfigurationIsVisible = 0;
			defaultConfigurationName = Release;
		};
		67A691611719F771005FFFF4 /* Build configuration list for PBXNativeTarget "AirFlo2w" */ = {
			isa = XCConfigurationList;
			buildConfigurations = (
				67A691621719F771005FFFF4 /* Debug */,
				67A691631719F771005FFFF4 /* Release */,
			);
			defaultConfigurationIsVisible = 0;
			defaultConfigurationName = Release;
		};
		67A691641719F771005FFFF4 /* Build configuration list for PBXNativeTarget "AirFlo2wTests" */ = {
			isa = XCConfigurationList;
			buildConfigurations = (
				67A691651719F771005FFFF4 /* Debug */,
				67A691661719F771005FFFF4 /* Release */,
			);
			defaultConfigurationIsVisible = 0;
			defaultConfigurationName = Release;
		};
/* End XCConfigurationList section */
	};
	rootObject = 67A6911B1719F770005FFFF4 /* Project object */;
}
